
Microsoft Visual Studio Solution File, Format Version 12.00
# Visual Studio Version 17
VisualStudioVersion = 17.0.31912.275
MinimumVisualStudioVersion = 10.0.40219.1
Project("{FAE04EC0-301F-11D3-BF4B-00C04F79EFBC}") = "BlindChessConsole", "BlindChessConsole\BlindChessConsole.csproj", "{4613DD92-B9C0-4EAB-8102-20B352D60480}"
EndProject
Project("{FAE04EC0-301F-11D3-BF4B-00C04F79EFBC}") = "Core", "Core\Core.csproj", "{1A67C8EA-2CF2-4635-B913-00CC7C4803CB}"
EndProject
Global
	GlobalSection(SolutionConfigurationPlatforms) = preSolution
		Debug|Any CPU = Debug|Any CPU
		Release|Any CPU = Release|Any CPU
	EndGlobalSection
	GlobalSection(ProjectConfigurationPlatforms) = postSolution
		{4613DD92-B9C0-4EAB-8102-20B352D60480}.Debug|Any CPU.ActiveCfg = Debug|Any CPU
		{4613DD92-B9C0-4EAB-8102-20B352D60480}.Debug|Any CPU.Build.0 = Debug|Any CPU
		{4613DD92-B9C0-4EAB-8102-20B352D60480}.Release|Any CPU.ActiveCfg = Release|Any CPU
		{4613DD92-B9C0-4EAB-8102-20B352D60480}.Release|Any CPU.Build.0 = Release|Any CPU
		{1A67C8EA-2CF2-4635-B913-00CC7C4803CB}.Debug|Any CPU.ActiveCfg = Debug|Any CPU
		{1A67C8EA-2CF2-4635-B913-00CC7C4803CB}.Debug|Any CPU.Build.0 = Debug|Any CPU
		{1A67C8EA-2CF2-4635-B913-00CC7C4803CB}.Release|Any CPU.ActiveCfg = Release|Any CPU
		{1A67C8EA-2CF2-4635-B913-00CC7C4803CB}.Release|Any CPU.Build.0 = Release|Any CPU
	EndGlobalSection
	GlobalSection(SolutionProperties) = preSolution
		HideSolutionNode = FALSE
	EndGlobalSection
	GlobalSection(ExtensibilityGlobals) = postSolution
		SolutionGuid = {3874A6BE-3FAD-478E-8D91-50E0BE1A3F7E}
	EndGlobalSection
EndGlobal
